// !$*UTF8*$!
{
	archiveVersion = 1;
	classes = {
	};
	objectVersion = 51;
	objects = {

/* Begin PBXBuildFile section */
		83557F0A87BC23C3B170A594 /* Pods_Question2.framework in Frameworks */ = {isa = PBXBuildFile; fileRef = CFABA59A6B42450521472228 /* Pods_Question2.framework */; };
		B8C0F2DA240B257F0010BE72 /* AppDelegate.swift in Sources */ = {isa = PBXBuildFile; fileRef = B8C0F2D9240B257F0010BE72 /* AppDelegate.swift */; };
		B8C0F2DC240B257F0010BE72 /* SceneDelegate.swift in Sources */ = {isa = PBXBuildFile; fileRef = B8C0F2DB240B257F0010BE72 /* SceneDelegate.swift */; };
		B8C0F2DE240B257F0010BE72 /* ViewController.swift in Sources */ = {isa = PBXBuildFile; fileRef = B8C0F2DD240B257F0010BE72 /* ViewController.swift */; };
		B8C0F2E1240B257F0010BE72 /* Main.storyboard in Resources */ = {isa = PBXBuildFile; fileRef = B8C0F2DF240B257F0010BE72 /* Main.storyboard */; };
		B8C0F2E4240B25800010BE72 /* Question2.xcdatamodeld in Sources */ = {isa = PBXBuildFile; fileRef = B8C0F2E2240B25800010BE72 /* Question2.xcdatamodeld */; };
		B8C0F2E6240B258F0010BE72 /* Assets.xcassets in Resources */ = {isa = PBXBuildFile; fileRef = B8C0F2E5240B258F0010BE72 /* Assets.xcassets */; };
		B8C0F2E9240B258F0010BE72 /* LaunchScreen.storyboard in Resources */ = {isa = PBXBuildFile; fileRef = B8C0F2E7240B258F0010BE72 /* LaunchScreen.storyboard */; };
		B8C0F2F5240B2AE80010BE72 /* ServiceConnector.swift in Sources */ = {isa = PBXBuildFile; fileRef = B8C0F2F4240B2AE80010BE72 /* ServiceConnector.swift */; };
/* End PBXBuildFile section */

/* Begin PBXFileReference section */
		40866E023A96BD351E687E90 /* Pods-Question2.release.xcconfig */ = {isa = PBXFileReference; includeInIndex = 1; lastKnownFileType = text.xcconfig; name = "Pods-Question2.release.xcconfig"; path = "Target Support Files/Pods-Question2/Pods-Question2.release.xcconfig"; sourceTree = "<group>"; };
		B8C0F2D6240B257F0010BE72 /* Question2.app */ = {isa = PBXFileReference; explicitFileType = wrapper.application; includeInIndex = 0; path = Question2.app; sourceTree = BUILT_PRODUCTS_DIR; };
		B8C0F2D9240B257F0010BE72 /* AppDelegate.swift */ = {isa = PBXFileReference; lastKnownFileType = sourcecode.swift; path = AppDelegate.swift; sourceTree = "<group>"; };
		B8C0F2DB240B257F0010BE72 /* SceneDelegate.swift */ = {isa = PBXFileReference; lastKnownFileType = sourcecode.swift; path = SceneDelegate.swift; sourceTree = "<group>"; };
		B8C0F2DD240B257F0010BE72 /* ViewController.swift */ = {isa = PBXFileReference; lastKnownFileType = sourcecode.swift; path = ViewController.swift; sourceTree = "<group>"; };
		B8C0F2E0240B257F0010BE72 /* Base */ = {isa = PBXFileReference; lastKnownFileType = file.storyboard; name = Base; path = Base.lproj/Main.storyboard; sourceTree = "<group>"; };
		B8C0F2E3240B25800010BE72 /* Question2.xcdatamodel */ = {isa = PBXFileReference; lastKnownFileType = wrapper.xcdatamodel; path = Question2.xcdatamodel; sourceTree = "<group>"; };
		B8C0F2E5240B258F0010BE72 /* Assets.xcassets */ = {isa = PBXFileReference; lastKnownFileType = folder.assetcatalog; path = Assets.xcassets; sourceTree = "<group>"; };
		B8C0F2E8240B258F0010BE72 /* Base */ = {isa = PBXFileReference; lastKnownFileType = file.storyboard; name = Base; path = Base.lproj/LaunchScreen.storyboard; sourceTree = "<group>"; };
		B8C0F2EA240B258F0010BE72 /* Info.plist */ = {isa = PBXFileReference; lastKnownFileType = text.plist.xml; path = Info.plist; sourceTree = "<group>"; };
		B8C0F2F4240B2AE80010BE72 /* ServiceConnector.swift */ = {isa = PBXFileReference; lastKnownFileType = sourcecode.swift; path = ServiceConnector.swift; sourceTree = "<group>"; };
		C7D26DE9FB8EE5FCF8E275C6 /* Pods-Question2.debug.xcconfig */ = {isa = PBXFileReference; includeInIndex = 1; lastKnownFileType = text.xcconfig; name = "Pods-Question2.debug.xcconfig"; path = "Target Support Files/Pods-Question2/Pods-Question2.debug.xcconfig"; sourceTree = "<group>"; };
		CFABA59A6B42450521472228 /* Pods_Question2.framework */ = {isa = PBXFileReference; explicitFileType = wrapper.framework; includeInIndex = 0; path = Pods_Question2.framework; sourceTree = BUILT_PRODUCTS_DIR; };
/* End PBXFileReference section */

/* Begin PBXFrameworksBuildPhase section */
		B8C0F2D3240B257F0010BE72 /* Frameworks */ = {
			isa = PBXFrameworksBuildPhase;
			buildActionMask = 2147483647;
			files = (
				83557F0A87BC23C3B170A594 /* Pods_Question2.framework in Frameworks */,
			);
			runOnlyForDeploymentPostprocessing = 0;
		};
/* End PBXFrameworksBuildPhase section */

/* Begin PBXGroup section */
		1C483FE3C54A92D327E692F6 /* Frameworks */ = {
			isa = PBXGroup;
			children = (
				CFABA59A6B42450521472228 /* Pods_Question2.framework */,
			);
			name = Frameworks;
			sourceTree = "<group>";
		};
		1E89CBC55ECBD7A17946606A /* Pods */ = {
			isa = PBXGroup;
			children = (
				C7D26DE9FB8EE5FCF8E275C6 /* Pods-Question2.debug.xcconfig */,
				40866E023A96BD351E687E90 /* Pods-Question2.release.xcconfig */,
			);
			path = Pods;
			sourceTree = "<group>";
		};
		B8C0F2CD240B257F0010BE72 = {
			isa = PBXGroup;
			children = (
				B8C0F2D8240B257F0010BE72 /* Question2 */,
				B8C0F2D7240B257F0010BE72 /* Products */,
				1E89CBC55ECBD7A17946606A /* Pods */,
				1C483FE3C54A92D327E692F6 /* Frameworks */,
			);
			sourceTree = "<group>";
		};
		B8C0F2D7240B257F0010BE72 /* Products */ = {
			isa = PBXGroup;
			children = (
				B8C0F2D6240B257F0010BE72 /* Question2.app */,
			);
			name = Products;
			sourceTree = "<group>";
		};
		B8C0F2D8240B257F0010BE72 /* Question2 */ = {
			isa = PBXGroup;
			children = (
				B8C0F2D9240B257F0010BE72 /* AppDelegate.swift */,
				B8C0F2DB240B257F0010BE72 /* SceneDelegate.swift */,
				B8C0F2DD240B257F0010BE72 /* ViewController.swift */,
				B8C0F2DF240B257F0010BE72 /* Main.storyboard */,
				B8C0F2E5240B258F0010BE72 /* Assets.xcassets */,
				B8C0F2E7240B258F0010BE72 /* LaunchScreen.storyboard */,
				B8C0F2EA240B258F0010BE72 /* Info.plist */,
				B8C0F2E2240B25800010BE72 /* Question2.xcdatamodeld */,
				B8C0F2F4240B2AE80010BE72 /* ServiceConnector.swift */,
			);
			path = Question2;
			sourceTree = "<group>";
		};
/* End PBXGroup section */

/* Begin PBXNativeTarget section */
		B8C0F2D5240B257F0010BE72 /* Question2 */ = {
			isa = PBXNativeTarget;
			buildConfigurationList = B8C0F2ED240B258F0010BE72 /* Build configuration list for PBXNativeTarget "Question2" */;
			buildPhases = (
				4EBCDF0ED97A60A89A02C3D2 /* [CP] Check Pods Manifest.lock */,
				B8C0F2D2240B257F0010BE72 /* Sources */,
				B8C0F2D3240B257F0010BE72 /* Frameworks */,
				B8C0F2D4240B257F0010BE72 /* Resources */,
				54C5C2F635330874633C2FDF /* [CP] Embed Pods Frameworks */,
			);
			buildRules = (
			);
			dependencies = (
			);
			name = Question2;
			productName = Question2;
			productReference = B8C0F2D6240B257F0010BE72 /* Question2.app */;
			productType = "com.apple.product-type.application";
		};
/* End PBXNativeTarget section */

/* Begin PBXProject section */
		B8C0F2CE240B257F0010BE72 /* Project object */ = {
			isa = PBXProject;
			attributes = {
				LastSwiftUpdateCheck = 1120;
				LastUpgradeCheck = 1120;
				ORGANIZATIONNAME = "___IULIAN COSTIN BUJNIGA ___";
				TargetAttributes = {
					B8C0F2D5240B257F0010BE72 = {
						CreatedOnToolsVersion = 11.2.1;
					};
				};
			};
			buildConfigurationList = B8C0F2D1240B257F0010BE72 /* Build configuration list for PBXProject "Question2" */;
			compatibilityVersion = "Xcode 9.3";
			developmentRegion = en;
			hasScannedForEncodings = 0;
			knownRegions = (
				en,
				Base,
			);
			mainGroup = B8C0F2CD240B257F0010BE72;
			productRefGroup = B8C0F2D7240B257F0010BE72 /* Products */;
			projectDirPath = "";
			projectRoot = "";
			targets = (
				B8C0F2D5240B257F0010BE72 /* Question2 */,
			);
		};
/* End PBXProject section */

/* Begin PBXResourcesBuildPhase section */
		B8C0F2D4240B257F0010BE72 /* Resources */ = {
			isa = PBXResourcesBuildPhase;
			buildActionMask = 2147483647;
			files = (
				B8C0F2E9240B258F0010BE72 /* LaunchScreen.storyboard in Resources */,
				B8C0F2E6240B258F0010BE72 /* Assets.xcassets in Resources */,
				B8C0F2E1240B257F0010BE72 /* Main.storyboard in Resources */,
			);
			runOnlyForDeploymentPostprocessing = 0;
		};
/* End PBXResourcesBuildPhase section */

/* Begin PBXShellScriptBuildPhase section */
		4EBCDF0ED97A60A89A02C3D2 /* [CP] Check Pods Manifest.lock */ = {
			isa = PBXShellScriptBuildPhase;
			buildActionMask = 2147483647;
			files = (
			);
			inputFileListPaths = (
			);
			inputPaths = (
				"${PODS_PODFILE_DIR_PATH}/Podfile.lock",
				"${PODS_ROOT}/Manifest.lock",
			);
			name = "[CP] Check Pods Manifest.lock";
			outputFileListPaths = (
			);
			outputPaths = (
				"$(DERIVED_FILE_DIR)/Pods-Question2-checkManifestLockResult.txt",
			);
			runOnlyForDeploymentPostprocessing = 0;
			shellPath = /bin/sh;
			shellScript = "diff \"${PODS_PODFILE_DIR_PATH}/Podfile.lock\" \"${PODS_ROOT}/Manifest.lock\" > /dev/null\nif [ $? != 0 ] ; then\n    # print error to STDERR\n    echo \"error: The sandbox is not in sync with the Podfile.lock. Run 'pod install' or update your CocoaPods installation.\" >&2\n    exit 1\nfi\n# This output is used by Xcode 'outputs' to avoid re-running this script phase.\necho \"SUCCESS\" > \"${SCRIPT_OUTPUT_FILE_0}\"\n";
			showEnvVarsInLog = 0;
		};
		54C5C2F635330874633C2FDF /* [CP] Embed Pods Frameworks */ = {
			isa = PBXShellScriptBuildPhase;
			buildActionMask = 2147483647;
			files = (
			);
			inputFileListPaths = (
				"${PODS_ROOT}/Target Support Files/Pods-Question2/Pods-Question2-frameworks-${CONFIGURATION}-input-files.xcfilelist",
			);
			name = "[CP] Embed Pods Frameworks";
			outputFileListPaths = (
				"${PODS_ROOT}/Target Support Files/Pods-Question2/Pods-Question2-frameworks-${CONFIGURATION}-output-files.xcfilelist",
			);
			runOnlyForDeploymentPostprocessing = 0;
			shellPath = /bin/sh;
			shellScript = "\"${PODS_ROOT}/Target Support Files/Pods-Question2/Pods-Question2-frameworks.sh\"\n";
			showEnvVarsInLog = 0;
		};
/* End PBXShellScriptBuildPhase section */

/* Begin PBXSourcesBuildPhase section */
		B8C0F2D2240B257F0010BE72 /* Sources */ = {
			isa = PBXSourcesBuildPhase;
			buildActionMask = 2147483647;
			files = (
				B8C0F2E4240B25800010BE72 /* Question2.xcdatamodeld in Sources */,
				B8C0F2DE240B257F0010BE72 /* ViewController.swift in Sources */,
				B8C0F2F5240B2AE80010BE72 /* ServiceConnector.swift in Sources */,
				B8C0F2DA240B257F0010BE72 /* AppDelegate.swift in Sources */,
				B8C0F2DC240B257F0010BE72 /* SceneDelegate.swift in Sources */,
			);
			runOnlyForDeploymentPostprocessing = 0;
		};
/* End PBXSourcesBuildPhase section */

/* Begin PBXVariantGroup section */
		B8C0F2DF240B257F0010BE72 /* Main.storyboard */ = {
			isa = PBXVariantGroup;
			children = (
				B8C0F2E0240B257F0010BE72 /* Base */,
			);
			name = Main.storyboard;
			sourceTree = "<group>";
		};
		B8C0F2E7240B258F0010BE72 /* LaunchScreen.storyboard */ = {
			isa = PBXVariantGroup;
			children = (
				B8C0F2E8240B258F0010BE72 /* Base */,
			);
			name = LaunchScreen.storyboard;
			sourceTree = "<group>";
		};
/* End PBXVariantGroup section */

/* Begin XCBuildConfiguration section */
		B8C0F2EB240B258F0010BE72 /* Debug */ = {
			isa = XCBuildConfiguration;
			buildSettings = {
				ALWAYS_SEARCH_USER_PATHS = NO;
				CLANG_ANALYZER_NONNULL = YES;
				CLANG_ANALYZER_NUMBER_OBJECT_CONVERSION = YES_AGGRESSIVE;
				CLANG_CXX_LANGUAGE_STANDARD = "gnu++14";
				CLANG_CXX_LIBRARY = "libc++";
				CLANG_ENABLE_MODULES = YES;
				CLANG_ENABLE_OBJC_ARC = YES;
				CLANG_ENABLE_OBJC_WEAK = YES;
				CLANG_WARN_BLOCK_CAPTURE_AUTORELEASING = YES;
				CLANG_WARN_BOOL_CONVERSION = YES;
				CLANG_WARN_COMMA = YES;
				CLANG_WARN_CONSTANT_CONVERSION = YES;
				CLANG_WARN_DEPRECATED_OBJC_IMPLEMENTATIONS = YES;
				CLANG_WARN_DIRECT_OBJC_ISA_USAGE = YES_ERROR;
				CLANG_WARN_DOCUMENTATION_COMMENTS = YES;
				CLANG_WARN_EMPTY_BODY = YES;
				CLANG_WARN_ENUM_CONVERSION = YES;
				CLANG_WARN_INFINITE_RECURSION = YES;
				CLANG_WARN_INT_CONVERSION = YES;
				CLANG_WARN_NON_LITERAL_NULL_CONVERSION = YES;
				CLANG_WARN_OBJC_IMPLICIT_RETAIN_SELF = YES;
				CLANG_WARN_OBJC_LITERAL_CONVERSION = YES;
				CLANG_WARN_OBJC_ROOT_CLASS = YES_ERROR;
				CLANG_WARN_RANGE_LOOP_ANALYSIS = YES;
				CLANG_WARN_STRICT_PROTOTYPES = YES;
				CLANG_WARN_SUSPICIOUS_MOVE = YES;
				CLANG_WARN_UNGUARDED_AVAILABILITY = YES_AGGRESSIVE;
				CLANG_WARN_UNREACHABLE_CODE = YES;
				CLANG_WARN__DUPLICATE_METHOD_MATCH = YES;
				COPY_PHASE_STRIP = NO;
				DEBUG_INFORMATION_FORMAT = dwarf;
				ENABLE_STRICT_OBJC_MSGSEND = YES;
				ENABLE_TESTABILITY = YES;
				GCC_C_LANGUAGE_STANDARD = gnu11;
				GCC_DYNAMIC_NO_PIC = NO;
				GCC_NO_COMMON_BLOCKS = YES;
				GCC_OPTIMIZATION_LEVEL = 0;
				GCC_PREPROCESSOR_DEFINITIONS = (
					"DEBUG=1",
					"$(inherited)",
				);
				GCC_WARN_64_TO_32_BIT_CONVERSION = YES;
				GCC_WARN_ABOUT_RETURN_TYPE = YES_ERROR;
				GCC_WARN_UNDECLARED_SELECTOR = YES;
				GCC_WARN_UNINITIALIZED_AUTOS = YES_AGGRESSIVE;
				GCC_WARN_UNUSED_FUNCTION = YES;
				GCC_WARN_UNUSED_VARIABLE = YES;
				IPHONEOS_DEPLOYMENT_TARGET = 13.2;
				MTL_ENABLE_DEBUG_INFO = INCLUDE_SOURCE;
				MTL_FAST_MATH = YES;
				ONLY_ACTIVE_ARCH = YES;
				SDKROOT = iphoneos;
				SWIFT_ACTIVE_COMPILATION_CONDITIONS = DEBUG;
				SWIFT_OPTIMIZATION_LEVEL = "-Onone";
			};
			name = Debug;
		};
		B8C0F2EC240B258F0010BE72 /* Release */ = {
			isa = XCBuildConfiguration;
			buildSettings = {
				ALWAYS_SEARCH_USER_PATHS = NO;
				CLANG_ANALYZER_NONNULL = YES;
				CLANG_ANALYZER_NUMBER_OBJECT_CONVERSION = YES_AGGRESSIVE;
				CLANG_CXX_LANGUAGE_STANDARD = "gnu++14";
				CLANG_CXX_LIBRARY = "libc++";
				CLANG_ENABLE_MODULES = YES;
				CLANG_ENABLE_OBJC_ARC = YES;
				CLANG_ENABLE_OBJC_WEAK = YES;
				CLANG_WARN_BLOCK_CAPTURE_AUTORELEASING = YES;
				CLANG_WARN_BOOL_CONVERSION = YES;
				CLANG_WARN_COMMA = YES;
				CLANG_WARN_CONSTANT_CONVERSION = YES;
				CLANG_WARN_DEPRECATED_OBJC_IMPLEMENTATIONS = YES;
				CLANG_WARN_DIRECT_OBJC_ISA_USAGE = YES_ERROR;
				CLANG_WARN_DOCUMENTATION_COMMENTS = YES;
				CLANG_WARN_EMPTY_BODY = YES;
				CLANG_WARN_ENUM_CONVERSION = YES;
				CLANG_WARN_INFINITE_RECURSION = YES;
				CLANG_WARN_INT_CONVERSION = YES;
				CLANG_WARN_NON_LITERAL_NULL_CONVERSION = YES;
				CLANG_WARN_OBJC_IMPLICIT_RETAIN_SELF = YES;
				CLANG_WARN_OBJC_LITERAL_CONVERSION = YES;
				CLANG_WARN_OBJC_ROOT_CLASS = YES_ERROR;
				CLANG_WARN_RANGE_LOOP_ANALYSIS = YES;
				CLANG_WARN_STRICT_PROTOTYPES = YES;
				CLANG_WARN_SUSPICIOUS_MOVE = YES;
				CLANG_WARN_UNGUARDED_AVAILABILITY = YES_AGGRESSIVE;
				CLANG_WARN_UNREACHABLE_CODE = YES;
				CLANG_WARN__DUPLICATE_METHOD_MATCH = YES;
				COPY_PHASE_STRIP = NO;
				DEBUG_INFORMATION_FORMAT = "dwarf-with-dsym";
				ENABLE_NS_ASSERTIONS = NO;
				ENABLE_STRICT_OBJC_MSGSEND = YES;
				GCC_C_LANGUAGE_STANDARD = gnu11;
				GCC_NO_COMMON_BLOCKS = YES;
				GCC_WARN_64_TO_32_BIT_CONVERSION = YES;
				GCC_WARN_ABOUT_RETURN_TYPE = YES_ERROR;
				GCC_WARN_UNDECLARED_SELECTOR = YES;
				GCC_WARN_UNINITIALIZED_AUTOS = YES_AGGRESSIVE;
				GCC_WARN_UNUSED_FUNCTION = YES;
				GCC_WARN_UNUSED_VARIABLE = YES;
				IPHONEOS_DEPLOYMENT_TARGET = 13.2;
				MTL_ENABLE_DEBUG_INFO = NO;
				MTL_FAST_MATH = YES;
				SDKROOT = iphoneos;
				SWIFT_COMPILATION_MODE = wholemodule;
				SWIFT_OPTIMIZATION_LEVEL = "-O";
				VALIDATE_PRODUCT = YES;
			};
			name = Release;
		};
		B8C0F2EE240B258F0010BE72 /* Debug */ = {
			isa = XCBuildConfiguration;
			baseConfigurationReference = C7D26DE9FB8EE5FCF8E275C6 /* Pods-Question2.debug.xcconfig */;
			buildSettings = {
				ASSETCATALOG_COMPILER_APPICON_NAME = AppIcon;
				CODE_SIGN_STYLE = Automatic;
				INFOPLIST_FILE = Question2/Info.plist;
				LD_RUNPATH_SEARCH_PATHS = (
					"$(inherited)",
					"@executable_path/Frameworks",
				);
				PRODUCT_BUNDLE_IDENTIFIER = com.devactionscript.com.Question2;
				PRODUCT_NAME = "$(TARGET_NAME)";
				SWIFT_VERSION = 5.0;
				TARGETED_DEVICE_FAMILY = "1,2";
			};
			name = Debug;
		};
		B8C0F2EF240B258F0010BE72 /* Release */ = {
			isa = XCBuildConfiguration;
			baseConfigurationReference = 40866E023A96BD351E687E90 /* Pods-Question2.release.xcconfig */;
			buildSettings = {
				ASSETCATALOG_COMPILER_APPICON_NAME = AppIcon;
				CODE_SIGN_STYLE = Automatic;
				INFOPLIST_FILE = Question2/Info.plist;
				LD_RUNPATH_SEARCH_PATHS = (
					"$(inherited)",
					"@executable_path/Frameworks",
				);
				PRODUCT_BUNDLE_IDENTIFIER = com.devactionscript.com.Question2;
				PRODUCT_NAME = "$(TARGET_NAME)";
				SWIFT_VERSION = 5.0;
				TARGETED_DEVICE_FAMILY = "1,2";
			};
			name = Release;
		};
/* End XCBuildConfiguration section */

/* Begin XCConfigurationList section */
		B8C0F2D1240B257F0010BE72 /* Build configuration list for PBXProject "Question2" */ = {
			isa = XCConfigurationList;
			buildConfigurations = (
				B8C0F2EB240B258F0010BE72 /* Debug */,
				B8C0F2EC240B258F0010BE72 /* Release */,
			);
			defaultConfigurationIsVisible = 0;
			defaultConfigurationName = Release;
		};
		B8C0F2ED240B258F0010BE72 /* Build configuration list for PBXNativeTarget "Question2" */ = {
			isa = XCConfigurationList;
			buildConfigurations = (
				B8C0F2EE240B258F0010BE72 /* Debug */,
				B8C0F2EF240B258F0010BE72 /* Release */,
			);
			defaultConfigurationIsVisible = 0;
			defaultConfigurationName = Release;
		};
/* End XCConfigurationList section */

/* Begin XCVersionGroup section */
		B8C0F2E2240B25800010BE72 /* Question2.xcdatamodeld */ = {
			isa = XCVersionGroup;
			children = (
				B8C0F2E3240B25800010BE72 /* Question2.xcdatamodel */,
			);
			currentVersion = B8C0F2E3240B25800010BE72 /* Question2.xcdatamodel */;
			path = Question2.xcdatamodeld;
			sourceTree = "<group>";
			versionGroupType = wrapper.xcdatamodel;
		};
/* End XCVersionGroup section */
	};
	rootObject = B8C0F2CE240B257F0010BE72 /* Project object */;
}
